// !$*UTF8*$!
{
	archiveVersion = 1;
	classes = {
	};
	objectVersion = 77;
	objects = {

/* Begin PBXBuildFile section */
		003E5565AB736279ACC8101B /* WhisperKit in Frameworks */ = {isa = PBXBuildFile; productRef = 295A7DC5C6EA1ED94BF375BD /* WhisperKit */; };
		0139730F4FAFB5EB664BC10D /* CalendarCapability.swift in Sources */ = {isa = PBXBuildFile; fileRef = 5E2E62A940A1B62843BFBEA1 /* CalendarCapability.swift */; };
		070E33403E4F0078A46BB75B /* ToolsView.swift in Sources */ = {isa = PBXBuildFile; fileRef = 692C6936BCF3C9DBC1A6C297 /* ToolsView.swift */; };
		0983FEA8823D44AB57399A9B /* AnyCodable.swift in Sources */ = {isa = PBXBuildFile; fileRef = F163754416ED9D32F261A9AA /* AnyCodable.swift */; };
		09D12A755B909BC34AD2BEE6 /* ChatView.swift in Sources */ = {isa = PBXBuildFile; fileRef = 0C25B6D5ECDDEFA626D5BFC9 /* ChatView.swift */; };
		1063BE2347F75506704EC870 /* WhisperModelManager.swift in Sources */ = {isa = PBXBuildFile; fileRef = BF09D88041DD2DBBA5674D45 /* WhisperModelManager.swift */; };
		14411ED489DCD8CE6B7893A5 /* Assets.xcassets in Resources */ = {isa = PBXBuildFile; fileRef = ED86A6E968730439A99EC4DE /* Assets.xcassets */; };
		18C97045C20E5A85769EB1AA /* AppSettingsTests.swift in Sources */ = {isa = PBXBuildFile; fileRef = 53F578F1633B0EC95D96AEB1 /* AppSettingsTests.swift */; };
		1AA34771103DC3AF8F684BEB /* ContactsCapability.swift in Sources */ = {isa = PBXBuildFile; fileRef = 7747F3513E6F0A13D3D67002 /* ContactsCapability.swift */; };
		1B64D419E2A0B2432C6FF3C6 /* OpenClawClientTests.swift in Sources */ = {isa = PBXBuildFile; fileRef = 9B51030C7F58133344774AF8 /* OpenClawClientTests.swift */; };
		1F0B2575BFD2D82D139E59D9 /* OpenResponsesTypes.swift in Sources */ = {isa = PBXBuildFile; fileRef = 82F3A8E28870F1E0ADAE63BB /* OpenResponsesTypes.swift */; };
		217128ACB8FB6C0A3298EF79 /* ChannelStore.swift in Sources */ = {isa = PBXBuildFile; fileRef = C8A2A688F113745F20511100 /* ChannelStore.swift */; };
		245AF90E5D51521858B02B3B /* ModelDownloadView.swift in Sources */ = {isa = PBXBuildFile; fileRef = 889DDBA7EFCCE29EEF5A7652 /* ModelDownloadView.swift */; };
		281B270C2316328260565ED6 /* Channel.swift in Sources */ = {isa = PBXBuildFile; fileRef = AD19A8D10AE1DE2E9C66A7A1 /* Channel.swift */; };
		2E9CEE9EDA08143B73B5379B /* Theme.swift in Sources */ = {isa = PBXBuildFile; fileRef = EA2D4B52FED9396202EFD169 /* Theme.swift */; };
		3674C56264CF0A6DB74A5CD0 /* GatewayProtocol.swift in Sources */ = {isa = PBXBuildFile; fileRef = 360485AC7DD58CFAB4826D8D /* GatewayProtocol.swift */; };
		4257D201E9CD305550BBA581 /* MotionCapability.swift in Sources */ = {isa = PBXBuildFile; fileRef = F3CC2CB9A6867810BDAB8F18 /* MotionCapability.swift */; };
		42B1BEEF06FFAF5D4C8A0077 /* CanvasCapability.swift in Sources */ = {isa = PBXBuildFile; fileRef = 62C45F1677668B902FFE137A /* CanvasCapability.swift */; };
		42C8880CFFC300285CBA6E2A /* SessionsView.swift in Sources */ = {isa = PBXBuildFile; fileRef = 56943669DFCF69496BBD0394 /* SessionsView.swift */; };
		448036DAFC2377BCBD84DB63 /* ConversationStore.swift in Sources */ = {isa = PBXBuildFile; fileRef = 8A4A00DFCC8D4D5D3EDA52CE /* ConversationStore.swift */; };
		4F7B527D24BF49705E5DD6A3 /* LocationCapability.swift in Sources */ = {isa = PBXBuildFile; fileRef = 1741C8292D5772FAFE90CC83 /* LocationCapability.swift */; };
		503F9884CCC1ABD748CBD35C /* ToolsViewModel.swift in Sources */ = {isa = PBXBuildFile; fileRef = C6BE9171ECBD252B2E471971 /* ToolsViewModel.swift */; };
		5106D5D1CA3586C8193D5224 /* OnboardingTests.swift in Sources */ = {isa = PBXBuildFile; fileRef = EC1C02A0FCCE9B67F47D7FE0 /* OnboardingTests.swift */; };
		512B6173FBCDB3096B3DF33F /* AudioCaptureManager.swift in Sources */ = {isa = PBXBuildFile; fileRef = B7FE120A90E02017D1855EE1 /* AudioCaptureManager.swift */; };
		527040C232E79D4A9654AAF9 /* ExecApprovalTypes.swift in Sources */ = {isa = PBXBuildFile; fileRef = B0C1B9C66B7B1ED59F7AA723 /* ExecApprovalTypes.swift */; };
		5446328481EF1557DF0A4BD6 /* NotificationCapability.swift in Sources */ = {isa = PBXBuildFile; fileRef = FF31DB427FEC1923E72342A9 /* NotificationCapability.swift */; };
		59F634A0DE7A749B88C80EAB /* MemoryDetailView.swift in Sources */ = {isa = PBXBuildFile; fileRef = 23714CCE316F458DAD6FD5E9 /* MemoryDetailView.swift */; };
		5B314631C5CCE3A36DC54996 /* MarkdownUI in Frameworks */ = {isa = PBXBuildFile; productRef = 3B252E6C27CE15D14486E75B /* MarkdownUI */; };
		5C06CDB354FF121697B72420 /* Message.swift in Sources */ = {isa = PBXBuildFile; fileRef = F23F05B748DC1AFDB470ECE5 /* Message.swift */; };
		5E13EF419AD7FFA21AAEFE20 /* JSONPrettyView.swift in Sources */ = {isa = PBXBuildFile; fileRef = D8287D597A6F4FBB27CBBD40 /* JSONPrettyView.swift */; };
		5FFF757A4D678E44910B66F6 /* ChatViewModel.swift in Sources */ = {isa = PBXBuildFile; fileRef = 94C27B5151739434F872BAFC /* ChatViewModel.swift */; };
		604CC8F22E1A002E0E97407F /* ToolTypesTests.swift in Sources */ = {isa = PBXBuildFile; fileRef = D1E445BBE364AA97155DC1E8 /* ToolTypesTests.swift */; };
		61C526A5958A5085EC7FFEE6 /* OpenAITTSService.swift in Sources */ = {isa = PBXBuildFile; fileRef = B1314BEFC2BD8BD9B8F9BFFD /* OpenAITTSService.swift */; };
		6261686101C0D92B1F5E9A56 /* SpeechService.swift in Sources */ = {isa = PBXBuildFile; fileRef = F10A92D7D54C1006B1CF4CE0 /* SpeechService.swift */; };
		661CF19E6BB8C843FB09BF92 /* SentenceBoundaryTests.swift in Sources */ = {isa = PBXBuildFile; fileRef = 00E4ABB1857B97CB7A12F81B /* SentenceBoundaryTests.swift */; };
		692385DE850544C858C76A20 /* SecureStorage.swift in Sources */ = {isa = PBXBuildFile; fileRef = 75CEEDAFE34F019389AF1775 /* SecureStorage.swift */; };
		6A384C52916D29E4595B8EB6 /* KeychainAccess in Frameworks */ = {isa = PBXBuildFile; productRef = EA7453DD947D0E90617F8CF7 /* KeychainAccess */; };
		6C5104F9978DC8B6DD828588 /* OpenResponsesTypesTests.swift in Sources */ = {isa = PBXBuildFile; fileRef = 4FDE6AF65D2222C8F71BBAEC /* OpenResponsesTypesTests.swift */; };
		704F62506B1EAE481B810A9E /* DeviceInfoCapability.swift in Sources */ = {isa = PBXBuildFile; fileRef = 0845877C01F961792B955B8A /* DeviceInfoCapability.swift */; };
		79A08311B78D25662E686B40 /* AppleTTSService.swift in Sources */ = {isa = PBXBuildFile; fileRef = 1C3AED278AAD74BD0C655B20 /* AppleTTSService.swift */; };
		7A3A885A502D9B7B5AE79F6D /* OpenClawChatApp.swift in Sources */ = {isa = PBXBuildFile; fileRef = 56A4C0ABDD83CC6E40353506 /* OpenClawChatApp.swift */; };
		821EAA067F9AA661A6082E89 /* OpenClawClient.swift in Sources */ = {isa = PBXBuildFile; fileRef = A9D17E3BA7A478F272ACB57E /* OpenClawClient.swift */; };
		864213D1D2AA28833D7349BC /* OnboardingView.swift in Sources */ = {isa = PBXBuildFile; fileRef = 3F3233D944284B9FC2C12DE3 /* OnboardingView.swift */; };
		8763DE5CB3314C6CF3AEBB76 /* MessageTests.swift in Sources */ = {isa = PBXBuildFile; fileRef = 3FE6864862E4BB4698243ED6 /* MessageTests.swift */; };
		89781F3F2937FA8D81C495C3 /* SettingsStore.swift in Sources */ = {isa = PBXBuildFile; fileRef = 72C120093996D280C93F8593 /* SettingsStore.swift */; };
		8A44E7B7874422CCAD414F28 /* ApprovalOverlayView.swift in Sources */ = {isa = PBXBuildFile; fileRef = 447C2E5C41E3CEFF8CA0BA5C /* ApprovalOverlayView.swift */; };
		8B44818E00558B4E6EE439AF /* NodeConnection.swift in Sources */ = {isa = PBXBuildFile; fileRef = E64B654E8E2D21E09DD1F1DD /* NodeConnection.swift */; };
		910E342160E95C21022F75AB /* AgentsView.swift in Sources */ = {isa = PBXBuildFile; fileRef = 17D77806C7CA304008E4DA3E /* AgentsView.swift */; };
		936088FA56D426F8ACD92C8E /* VoiceWakeCapability.swift in Sources */ = {isa = PBXBuildFile; fileRef = AE713CF6A5D1F6DE2DE8307A /* VoiceWakeCapability.swift */; };
		9C9BE1BE992BDBFF23B9AB80 /* CanvasView.swift in Sources */ = {isa = PBXBuildFile; fileRef = 56C51CA5B19304C3DAE911B8 /* CanvasView.swift */; };
		9E15B1424F0C89BFA633AEC1 /* OpenClawTypes.swift in Sources */ = {isa = PBXBuildFile; fileRef = 2D231CAC71BC381A3B9A33AA /* OpenClawTypes.swift */; };
		9F1E804C10529DC7EB2B1058 /* EditChannelView.swift in Sources */ = {isa = PBXBuildFile; fileRef = 610A71579FC5143A94C94781 /* EditChannelView.swift */; };
		A248112760618A465685D111 /* MessageBubble.swift in Sources */ = {isa = PBXBuildFile; fileRef = 89AE389D2BF70DF0CA637650 /* MessageBubble.swift */; };
		A5C1BC92D2B08BD9F8DE3592 /* OpenClawTypesTests.swift in Sources */ = {isa = PBXBuildFile; fileRef = 82217B54B009AB34D0726817 /* OpenClawTypesTests.swift */; };
		A64511573410EB18DB274194 /* OpenAISTTService.swift in Sources */ = {isa = PBXBuildFile; fileRef = 4CDCF1612065810A2AB4EF52 /* OpenAISTTService.swift */; };
		A84F469AF228F89AA122B654 /* ApprovalBannerView.swift in Sources */ = {isa = PBXBuildFile; fileRef = 98D3A0A8BAB3238A0EEFFC98 /* ApprovalBannerView.swift */; };
		A91AD844E07E6DD67FB49049 /* PhotosCapability.swift in Sources */ = {isa = PBXBuildFile; fileRef = 00F459FBA446FC68EE4857C1 /* PhotosCapability.swift */; };
		AA19D291951EBB199433C90F /* WhisperKitService.swift in Sources */ = {isa = PBXBuildFile; fileRef = C5771F046876723F85EA7C73 /* WhisperKitService.swift */; };
		AE8BCE67167AE760E5D5B6E6 /* ElevenLabsTTSService.swift in Sources */ = {isa = PBXBuildFile; fileRef = 877A2189AEB3876EB2034D4B /* ElevenLabsTTSService.swift */; };
		B2D426A7C5B3C1FEAA6552E1 /* DeviceAuthStore.swift in Sources */ = {isa = PBXBuildFile; fileRef = ADD7BF795B261E2DA2E30B1B /* DeviceAuthStore.swift */; };
		B3FFD383E883534ECA91703A /* DeviceAuthPayload.swift in Sources */ = {isa = PBXBuildFile; fileRef = 0E5EB50A40717338A83A5220 /* DeviceAuthPayload.swift */; };
		BA0C97A5BBEA8BE235E9E885 /* ModelsView.swift in Sources */ = {isa = PBXBuildFile; fileRef = 36BFFD65EF8EA09433834262 /* ModelsView.swift */; };
		BC993E33F82D4B90F64B0587 /* GatewayConnection.swift in Sources */ = {isa = PBXBuildFile; fileRef = 6528FC4E2BC9512A84842F33 /* GatewayConnection.swift */; };
		BDBB3D5B59AAB0712C5EF994 /* ChannelListView.swift in Sources */ = {isa = PBXBuildFile; fileRef = D3AD3CC2E835D0D4B9007C39 /* ChannelListView.swift */; };
		C1C52788A4DD187EA1CB1FDA /* AddChannelView.swift in Sources */ = {isa = PBXBuildFile; fileRef = 320859C177FC7BE8621195D2 /* AddChannelView.swift */; };
		C2F59D2FDF34B6570D47E139 /* SettingsView.swift in Sources */ = {isa = PBXBuildFile; fileRef = 157E344504C6463C0DE64E86 /* SettingsView.swift */; };
		C4B5AFF28B2740E7949E7C28 /* ToolTypes.swift in Sources */ = {isa = PBXBuildFile; fileRef = D778CE1C3FEB64F234E2D2C2 /* ToolTypes.swift */; };
		C750FB47A619E50088C68FD1 /* TalkButton.swift in Sources */ = {isa = PBXBuildFile; fileRef = AA809D8D00EEAC275D06DA1A /* TalkButton.swift */; };
		C7C51E5D5BC59BAA8692D77E /* DeviceIdentity.swift in Sources */ = {isa = PBXBuildFile; fileRef = 1133415C5F146C7DF5B6F720 /* DeviceIdentity.swift */; };
		CAFBE20440A7777427042816 /* ContentView.swift in Sources */ = {isa = PBXBuildFile; fileRef = F76F3E6D36C93D058480A6AB /* ContentView.swift */; };
		CC99F8F2960416026B76B2DE /* AudioPlaybackManager.swift in Sources */ = {isa = PBXBuildFile; fileRef = BAC58729EF7AA0A562F8A9DB /* AudioPlaybackManager.swift */; };
		DEE53518CB98575D4DAD3D73 /* MemorySearchView.swift in Sources */ = {isa = PBXBuildFile; fileRef = F36AD45D57B18700C312EACC /* MemorySearchView.swift */; };
		E2F578085D5B973FE1179672 /* ScreenCapability.swift in Sources */ = {isa = PBXBuildFile; fileRef = B91C852D3565F1D96C296B92 /* ScreenCapability.swift */; };
		EB5F807F0B83DBBC0B842CD8 /* TranscriptionService.swift in Sources */ = {isa = PBXBuildFile; fileRef = 0804D73C08D4C1007A6A7DC9 /* TranscriptionService.swift */; };
		F34EC7458DBB5035645C1F9A /* CameraCapability.swift in Sources */ = {isa = PBXBuildFile; fileRef = 263BD0842A42CE10A378CCD3 /* CameraCapability.swift */; };
		F730A44D0020D22A75F56F32 /* BrowserView.swift in Sources */ = {isa = PBXBuildFile; fileRef = E65B30697BD1D37C84AC2418 /* BrowserView.swift */; };
		FE78254B1EA22AE110DD45CD /* GatewayWebSocket.swift in Sources */ = {isa = PBXBuildFile; fileRef = A81B36A9D7342D1B03D78DB0 /* GatewayWebSocket.swift */; };
		FE7DA791D988569F33330FCC /* AppSettings.swift in Sources */ = {isa = PBXBuildFile; fileRef = DA34147109FAE01E6BDD23D6 /* AppSettings.swift */; };
/* End PBXBuildFile section */

/* Begin PBXContainerItemProxy section */
		1D462E04C0A76F10E9B88876 /* PBXContainerItemProxy */ = {
			isa = PBXContainerItemProxy;
			containerPortal = F54E26BAC75379C29FDFF6A6 /* Project object */;
			proxyType = 1;
			remoteGlobalIDString = 513800197B1C646CE1CD5BDD;
			remoteInfo = OpenClawChat;
		};
/* End PBXContainerItemProxy section */

/* Begin PBXFileReference section */
		00E4ABB1857B97CB7A12F81B /* SentenceBoundaryTests.swift */ = {isa = PBXFileReference; lastKnownFileType = sourcecode.swift; path = SentenceBoundaryTests.swift; sourceTree = "<group>"; };
		00F459FBA446FC68EE4857C1 /* PhotosCapability.swift */ = {isa = PBXFileReference; lastKnownFileType = sourcecode.swift; path = PhotosCapability.swift; sourceTree = "<group>"; };
		0804D73C08D4C1007A6A7DC9 /* TranscriptionService.swift */ = {isa = PBXFileReference; lastKnownFileType = sourcecode.swift; path = TranscriptionService.swift; sourceTree = "<group>"; };
		0845877C01F961792B955B8A /* DeviceInfoCapability.swift */ = {isa = PBXFileReference; lastKnownFileType = sourcecode.swift; path = DeviceInfoCapability.swift; sourceTree = "<group>"; };
		0C25B6D5ECDDEFA626D5BFC9 /* ChatView.swift */ = {isa = PBXFileReference; lastKnownFileType = sourcecode.swift; path = ChatView.swift; sourceTree = "<group>"; };
		0E5EB50A40717338A83A5220 /* DeviceAuthPayload.swift */ = {isa = PBXFileReference; lastKnownFileType = sourcecode.swift; path = DeviceAuthPayload.swift; sourceTree = "<group>"; };
		1133415C5F146C7DF5B6F720 /* DeviceIdentity.swift */ = {isa = PBXFileReference; lastKnownFileType = sourcecode.swift; path = DeviceIdentity.swift; sourceTree = "<group>"; };
		157E344504C6463C0DE64E86 /* SettingsView.swift */ = {isa = PBXFileReference; lastKnownFileType = sourcecode.swift; path = SettingsView.swift; sourceTree = "<group>"; };
		1741C8292D5772FAFE90CC83 /* LocationCapability.swift */ = {isa = PBXFileReference; lastKnownFileType = sourcecode.swift; path = LocationCapability.swift; sourceTree = "<group>"; };
		17D77806C7CA304008E4DA3E /* AgentsView.swift */ = {isa = PBXFileReference; lastKnownFileType = sourcecode.swift; path = AgentsView.swift; sourceTree = "<group>"; };
		1C3AED278AAD74BD0C655B20 /* AppleTTSService.swift */ = {isa = PBXFileReference; lastKnownFileType = sourcecode.swift; path = AppleTTSService.swift; sourceTree = "<group>"; };
		23714CCE316F458DAD6FD5E9 /* MemoryDetailView.swift */ = {isa = PBXFileReference; lastKnownFileType = sourcecode.swift; path = MemoryDetailView.swift; sourceTree = "<group>"; };
		263BD0842A42CE10A378CCD3 /* CameraCapability.swift */ = {isa = PBXFileReference; lastKnownFileType = sourcecode.swift; path = CameraCapability.swift; sourceTree = "<group>"; };
		2D231CAC71BC381A3B9A33AA /* OpenClawTypes.swift */ = {isa = PBXFileReference; lastKnownFileType = sourcecode.swift; path = OpenClawTypes.swift; sourceTree = "<group>"; };
		320859C177FC7BE8621195D2 /* AddChannelView.swift */ = {isa = PBXFileReference; lastKnownFileType = sourcecode.swift; path = AddChannelView.swift; sourceTree = "<group>"; };
		360485AC7DD58CFAB4826D8D /* GatewayProtocol.swift */ = {isa = PBXFileReference; lastKnownFileType = sourcecode.swift; path = GatewayProtocol.swift; sourceTree = "<group>"; };
		36BFFD65EF8EA09433834262 /* ModelsView.swift */ = {isa = PBXFileReference; lastKnownFileType = sourcecode.swift; path = ModelsView.swift; sourceTree = "<group>"; };
		3F3233D944284B9FC2C12DE3 /* OnboardingView.swift */ = {isa = PBXFileReference; lastKnownFileType = sourcecode.swift; path = OnboardingView.swift; sourceTree = "<group>"; };
		3FE6864862E4BB4698243ED6 /* MessageTests.swift */ = {isa = PBXFileReference; lastKnownFileType = sourcecode.swift; path = MessageTests.swift; sourceTree = "<group>"; };
		447C2E5C41E3CEFF8CA0BA5C /* ApprovalOverlayView.swift */ = {isa = PBXFileReference; lastKnownFileType = sourcecode.swift; path = ApprovalOverlayView.swift; sourceTree = "<group>"; };
		4CDCF1612065810A2AB4EF52 /* OpenAISTTService.swift */ = {isa = PBXFileReference; lastKnownFileType = sourcecode.swift; path = OpenAISTTService.swift; sourceTree = "<group>"; };
		4FDE6AF65D2222C8F71BBAEC /* OpenResponsesTypesTests.swift */ = {isa = PBXFileReference; lastKnownFileType = sourcecode.swift; path = OpenResponsesTypesTests.swift; sourceTree = "<group>"; };
		53F578F1633B0EC95D96AEB1 /* AppSettingsTests.swift */ = {isa = PBXFileReference; lastKnownFileType = sourcecode.swift; path = AppSettingsTests.swift; sourceTree = "<group>"; };
		56943669DFCF69496BBD0394 /* SessionsView.swift */ = {isa = PBXFileReference; lastKnownFileType = sourcecode.swift; path = SessionsView.swift; sourceTree = "<group>"; };
		56A4C0ABDD83CC6E40353506 /* OpenClawChatApp.swift */ = {isa = PBXFileReference; lastKnownFileType = sourcecode.swift; path = OpenClawChatApp.swift; sourceTree = "<group>"; };
		56C51CA5B19304C3DAE911B8 /* CanvasView.swift */ = {isa = PBXFileReference; lastKnownFileType = sourcecode.swift; path = CanvasView.swift; sourceTree = "<group>"; };
		59B277BAFBCA0140AB483742 /* OpenClawChatTests.xctest */ = {isa = PBXFileReference; includeInIndex = 0; lastKnownFileType = wrapper.cfbundle; path = OpenClawChatTests.xctest; sourceTree = BUILT_PRODUCTS_DIR; };
		5E2E62A940A1B62843BFBEA1 /* CalendarCapability.swift */ = {isa = PBXFileReference; lastKnownFileType = sourcecode.swift; path = CalendarCapability.swift; sourceTree = "<group>"; };
		610A71579FC5143A94C94781 /* EditChannelView.swift */ = {isa = PBXFileReference; lastKnownFileType = sourcecode.swift; path = EditChannelView.swift; sourceTree = "<group>"; };
		62C45F1677668B902FFE137A /* CanvasCapability.swift */ = {isa = PBXFileReference; lastKnownFileType = sourcecode.swift; path = CanvasCapability.swift; sourceTree = "<group>"; };
		6528FC4E2BC9512A84842F33 /* GatewayConnection.swift */ = {isa = PBXFileReference; lastKnownFileType = sourcecode.swift; path = GatewayConnection.swift; sourceTree = "<group>"; };
		692C6936BCF3C9DBC1A6C297 /* ToolsView.swift */ = {isa = PBXFileReference; lastKnownFileType = sourcecode.swift; path = ToolsView.swift; sourceTree = "<group>"; };
		72C120093996D280C93F8593 /* SettingsStore.swift */ = {isa = PBXFileReference; lastKnownFileType = sourcecode.swift; path = SettingsStore.swift; sourceTree = "<group>"; };
		75CEEDAFE34F019389AF1775 /* SecureStorage.swift */ = {isa = PBXFileReference; lastKnownFileType = sourcecode.swift; path = SecureStorage.swift; sourceTree = "<group>"; };
		7747F3513E6F0A13D3D67002 /* ContactsCapability.swift */ = {isa = PBXFileReference; lastKnownFileType = sourcecode.swift; path = ContactsCapability.swift; sourceTree = "<group>"; };
		82217B54B009AB34D0726817 /* OpenClawTypesTests.swift */ = {isa = PBXFileReference; lastKnownFileType = sourcecode.swift; path = OpenClawTypesTests.swift; sourceTree = "<group>"; };
		82F3A8E28870F1E0ADAE63BB /* OpenResponsesTypes.swift */ = {isa = PBXFileReference; lastKnownFileType = sourcecode.swift; path = OpenResponsesTypes.swift; sourceTree = "<group>"; };
		877A2189AEB3876EB2034D4B /* ElevenLabsTTSService.swift */ = {isa = PBXFileReference; lastKnownFileType = sourcecode.swift; path = ElevenLabsTTSService.swift; sourceTree = "<group>"; };
		889DDBA7EFCCE29EEF5A7652 /* ModelDownloadView.swift */ = {isa = PBXFileReference; lastKnownFileType = sourcecode.swift; path = ModelDownloadView.swift; sourceTree = "<group>"; };
		89AE389D2BF70DF0CA637650 /* MessageBubble.swift */ = {isa = PBXFileReference; lastKnownFileType = sourcecode.swift; path = MessageBubble.swift; sourceTree = "<group>"; };
		8A4A00DFCC8D4D5D3EDA52CE /* ConversationStore.swift */ = {isa = PBXFileReference; lastKnownFileType = sourcecode.swift; path = ConversationStore.swift; sourceTree = "<group>"; };
		94C27B5151739434F872BAFC /* ChatViewModel.swift */ = {isa = PBXFileReference; lastKnownFileType = sourcecode.swift; path = ChatViewModel.swift; sourceTree = "<group>"; };
		98D3A0A8BAB3238A0EEFFC98 /* ApprovalBannerView.swift */ = {isa = PBXFileReference; lastKnownFileType = sourcecode.swift; path = ApprovalBannerView.swift; sourceTree = "<group>"; };
		9B51030C7F58133344774AF8 /* OpenClawClientTests.swift */ = {isa = PBXFileReference; lastKnownFileType = sourcecode.swift; path = OpenClawClientTests.swift; sourceTree = "<group>"; };
		A81B36A9D7342D1B03D78DB0 /* GatewayWebSocket.swift */ = {isa = PBXFileReference; lastKnownFileType = sourcecode.swift; path = GatewayWebSocket.swift; sourceTree = "<group>"; };
		A9D17E3BA7A478F272ACB57E /* OpenClawClient.swift */ = {isa = PBXFileReference; lastKnownFileType = sourcecode.swift; path = OpenClawClient.swift; sourceTree = "<group>"; };
		AA809D8D00EEAC275D06DA1A /* TalkButton.swift */ = {isa = PBXFileReference; lastKnownFileType = sourcecode.swift; path = TalkButton.swift; sourceTree = "<group>"; };
		AD19A8D10AE1DE2E9C66A7A1 /* Channel.swift */ = {isa = PBXFileReference; lastKnownFileType = sourcecode.swift; path = Channel.swift; sourceTree = "<group>"; };
		ADD7BF795B261E2DA2E30B1B /* DeviceAuthStore.swift */ = {isa = PBXFileReference; lastKnownFileType = sourcecode.swift; path = DeviceAuthStore.swift; sourceTree = "<group>"; };
		AE713CF6A5D1F6DE2DE8307A /* VoiceWakeCapability.swift */ = {isa = PBXFileReference; lastKnownFileType = sourcecode.swift; path = VoiceWakeCapability.swift; sourceTree = "<group>"; };
		B0C1B9C66B7B1ED59F7AA723 /* ExecApprovalTypes.swift */ = {isa = PBXFileReference; lastKnownFileType = sourcecode.swift; path = ExecApprovalTypes.swift; sourceTree = "<group>"; };
		B1314BEFC2BD8BD9B8F9BFFD /* OpenAITTSService.swift */ = {isa = PBXFileReference; lastKnownFileType = sourcecode.swift; path = OpenAITTSService.swift; sourceTree = "<group>"; };
		B7FE120A90E02017D1855EE1 /* AudioCaptureManager.swift */ = {isa = PBXFileReference; lastKnownFileType = sourcecode.swift; path = AudioCaptureManager.swift; sourceTree = "<group>"; };
		B91C852D3565F1D96C296B92 /* ScreenCapability.swift */ = {isa = PBXFileReference; lastKnownFileType = sourcecode.swift; path = ScreenCapability.swift; sourceTree = "<group>"; };
		BAC58729EF7AA0A562F8A9DB /* AudioPlaybackManager.swift */ = {isa = PBXFileReference; lastKnownFileType = sourcecode.swift; path = AudioPlaybackManager.swift; sourceTree = "<group>"; };
		BF09D88041DD2DBBA5674D45 /* WhisperModelManager.swift */ = {isa = PBXFileReference; lastKnownFileType = sourcecode.swift; path = WhisperModelManager.swift; sourceTree = "<group>"; };
		C5771F046876723F85EA7C73 /* WhisperKitService.swift */ = {isa = PBXFileReference; lastKnownFileType = sourcecode.swift; path = WhisperKitService.swift; sourceTree = "<group>"; };
		C6BE9171ECBD252B2E471971 /* ToolsViewModel.swift */ = {isa = PBXFileReference; lastKnownFileType = sourcecode.swift; path = ToolsViewModel.swift; sourceTree = "<group>"; };
		C8A2A688F113745F20511100 /* ChannelStore.swift */ = {isa = PBXFileReference; lastKnownFileType = sourcecode.swift; path = ChannelStore.swift; sourceTree = "<group>"; };
		CD997A26A3CF33D2B41748DF /* Info.plist */ = {isa = PBXFileReference; lastKnownFileType = text.plist; path = Info.plist; sourceTree = "<group>"; };
		D1E445BBE364AA97155DC1E8 /* ToolTypesTests.swift */ = {isa = PBXFileReference; lastKnownFileType = sourcecode.swift; path = ToolTypesTests.swift; sourceTree = "<group>"; };
		D3AD3CC2E835D0D4B9007C39 /* ChannelListView.swift */ = {isa = PBXFileReference; lastKnownFileType = sourcecode.swift; path = ChannelListView.swift; sourceTree = "<group>"; };
		D752469894570E9E323ED21E /* OpenClawChat.app */ = {isa = PBXFileReference; includeInIndex = 0; lastKnownFileType = wrapper.application; path = OpenClawChat.app; sourceTree = BUILT_PRODUCTS_DIR; };
		D778CE1C3FEB64F234E2D2C2 /* ToolTypes.swift */ = {isa = PBXFileReference; lastKnownFileType = sourcecode.swift; path = ToolTypes.swift; sourceTree = "<group>"; };
		D8287D597A6F4FBB27CBBD40 /* JSONPrettyView.swift */ = {isa = PBXFileReference; lastKnownFileType = sourcecode.swift; path = JSONPrettyView.swift; sourceTree = "<group>"; };
		DA34147109FAE01E6BDD23D6 /* AppSettings.swift */ = {isa = PBXFileReference; lastKnownFileType = sourcecode.swift; path = AppSettings.swift; sourceTree = "<group>"; };
		E64B654E8E2D21E09DD1F1DD /* NodeConnection.swift */ = {isa = PBXFileReference; lastKnownFileType = sourcecode.swift; path = NodeConnection.swift; sourceTree = "<group>"; };
		E65B30697BD1D37C84AC2418 /* BrowserView.swift */ = {isa = PBXFileReference; lastKnownFileType = sourcecode.swift; path = BrowserView.swift; sourceTree = "<group>"; };
		EA2D4B52FED9396202EFD169 /* Theme.swift */ = {isa = PBXFileReference; lastKnownFileType = sourcecode.swift; path = Theme.swift; sourceTree = "<group>"; };
		EC1C02A0FCCE9B67F47D7FE0 /* OnboardingTests.swift */ = {isa = PBXFileReference; lastKnownFileType = sourcecode.swift; path = OnboardingTests.swift; sourceTree = "<group>"; };
		ED86A6E968730439A99EC4DE /* Assets.xcassets */ = {isa = PBXFileReference; lastKnownFileType = folder.assetcatalog; path = Assets.xcassets; sourceTree = "<group>"; };
		F10A92D7D54C1006B1CF4CE0 /* SpeechService.swift */ = {isa = PBXFileReference; lastKnownFileType = sourcecode.swift; path = SpeechService.swift; sourceTree = "<group>"; };
		F163754416ED9D32F261A9AA /* AnyCodable.swift */ = {isa = PBXFileReference; lastKnownFileType = sourcecode.swift; path = AnyCodable.swift; sourceTree = "<group>"; };
		F23F05B748DC1AFDB470ECE5 /* Message.swift */ = {isa = PBXFileReference; lastKnownFileType = sourcecode.swift; path = Message.swift; sourceTree = "<group>"; };
		F36AD45D57B18700C312EACC /* MemorySearchView.swift */ = {isa = PBXFileReference; lastKnownFileType = sourcecode.swift; path = MemorySearchView.swift; sourceTree = "<group>"; };
		F3CC2CB9A6867810BDAB8F18 /* MotionCapability.swift */ = {isa = PBXFileReference; lastKnownFileType = sourcecode.swift; path = MotionCapability.swift; sourceTree = "<group>"; };
		F76F3E6D36C93D058480A6AB /* ContentView.swift */ = {isa = PBXFileReference; lastKnownFileType = sourcecode.swift; path = ContentView.swift; sourceTree = "<group>"; };
		FF31DB427FEC1923E72342A9 /* NotificationCapability.swift */ = {isa = PBXFileReference; lastKnownFileType = sourcecode.swift; path = NotificationCapability.swift; sourceTree = "<group>"; };
/* End PBXFileReference section */

/* Begin PBXFrameworksBuildPhase section */
		51AD4060C5AC64495BFA5889 /* Frameworks */ = {
			isa = PBXFrameworksBuildPhase;
			buildActionMask = 2147483647;
			files = (
				003E5565AB736279ACC8101B /* WhisperKit in Frameworks */,
				6A384C52916D29E4595B8EB6 /* KeychainAccess in Frameworks */,
				5B314631C5CCE3A36DC54996 /* MarkdownUI in Frameworks */,
			);
			runOnlyForDeploymentPostprocessing = 0;
		};
/* End PBXFrameworksBuildPhase section */

/* Begin PBXGroup section */
		28D66839155199C784409048 /* OpenClawChat */ = {
			isa = PBXGroup;
			children = (
				B3CA8D7047786F476DA13A19 /* App */,
				4BADCE63B613C837590E1B26 /* Core */,
				DF7E020B03C2BF999860D093 /* Features */,
				B401187B0B22C4E8CEA9E3DD /* Models */,
				AADB208185C848847D33AECB /* Resources */,
			);
			path = OpenClawChat;
			sourceTree = "<group>";
		};
		38CA5E4ED82DFCB7AC37D1D8 /* Agent */ = {
			isa = PBXGroup;
			children = (
				0E5EB50A40717338A83A5220 /* DeviceAuthPayload.swift */,
				ADD7BF795B261E2DA2E30B1B /* DeviceAuthStore.swift */,
				1133415C5F146C7DF5B6F720 /* DeviceIdentity.swift */,
				A9D17E3BA7A478F272ACB57E /* OpenClawClient.swift */,
			);
			path = Agent;
			sourceTree = "<group>";
		};
		38D8B8F4229B1C22EE82D6AE /* OpenClawChatTests */ = {
			isa = PBXGroup;
			children = (
				53F578F1633B0EC95D96AEB1 /* AppSettingsTests.swift */,
				3FE6864862E4BB4698243ED6 /* MessageTests.swift */,
				EC1C02A0FCCE9B67F47D7FE0 /* OnboardingTests.swift */,
				9B51030C7F58133344774AF8 /* OpenClawClientTests.swift */,
				82217B54B009AB34D0726817 /* OpenClawTypesTests.swift */,
				4FDE6AF65D2222C8F71BBAEC /* OpenResponsesTypesTests.swift */,
				00E4ABB1857B97CB7A12F81B /* SentenceBoundaryTests.swift */,
				D1E445BBE364AA97155DC1E8 /* ToolTypesTests.swift */,
			);
			path = OpenClawChatTests;
			sourceTree = "<group>";
		};
		39DDD1F12D82E00AC6ACEDBD /* Setup */ = {
			isa = PBXGroup;
			children = (
				889DDBA7EFCCE29EEF5A7652 /* ModelDownloadView.swift */,
				3F3233D944284B9FC2C12DE3 /* OnboardingView.swift */,
			);
			path = Setup;
			sourceTree = "<group>";
		};
		3DE7E2D45E7324AA154098EA /* Settings */ = {
			isa = PBXGroup;
			children = (
				72C120093996D280C93F8593 /* SettingsStore.swift */,
				157E344504C6463C0DE64E86 /* SettingsView.swift */,
			);
			path = Settings;
			sourceTree = "<group>";
		};
		4226357900A9B64CD829BB86 /* Audio */ = {
			isa = PBXGroup;
			children = (
				B7FE120A90E02017D1855EE1 /* AudioCaptureManager.swift */,
				BAC58729EF7AA0A562F8A9DB /* AudioPlaybackManager.swift */,
			);
			path = Audio;
			sourceTree = "<group>";
		};
		4BADCE63B613C837590E1B26 /* Core */ = {
			isa = PBXGroup;
			children = (
				38CA5E4ED82DFCB7AC37D1D8 /* Agent */,
				4226357900A9B64CD829BB86 /* Audio */,
				A0835F070EE83549458C8057 /* Gateway */,
				7C7CE440C65741C3CC7BE6D2 /* Node */,
				694BBA582DE833FDE555C7D7 /* Security */,
				FF560D8C1B9F2DD1328E9774 /* Storage */,
				C6EBC8D3373E512AD327A1EA /* STT */,
				E6927075EB30BCFE23B17330 /* TTS */,
			);
			path = Core;
			sourceTree = "<group>";
		};
		694BBA582DE833FDE555C7D7 /* Security */ = {
			isa = PBXGroup;
			children = (
				75CEEDAFE34F019389AF1775 /* SecureStorage.swift */,
			);
			path = Security;
			sourceTree = "<group>";
		};
		6CD825F084A093AAFCAC2315 /* Approvals */ = {
			isa = PBXGroup;
			children = (
				98D3A0A8BAB3238A0EEFFC98 /* ApprovalBannerView.swift */,
				447C2E5C41E3CEFF8CA0BA5C /* ApprovalOverlayView.swift */,
			);
			path = Approvals;
			sourceTree = "<group>";
		};
		7C7CE440C65741C3CC7BE6D2 /* Node */ = {
			isa = PBXGroup;
			children = (
				5E2E62A940A1B62843BFBEA1 /* CalendarCapability.swift */,
				263BD0842A42CE10A378CCD3 /* CameraCapability.swift */,
				62C45F1677668B902FFE137A /* CanvasCapability.swift */,
				7747F3513E6F0A13D3D67002 /* ContactsCapability.swift */,
				0845877C01F961792B955B8A /* DeviceInfoCapability.swift */,
				1741C8292D5772FAFE90CC83 /* LocationCapability.swift */,
				F3CC2CB9A6867810BDAB8F18 /* MotionCapability.swift */,
				FF31DB427FEC1923E72342A9 /* NotificationCapability.swift */,
				00F459FBA446FC68EE4857C1 /* PhotosCapability.swift */,
				B91C852D3565F1D96C296B92 /* ScreenCapability.swift */,
				AE713CF6A5D1F6DE2DE8307A /* VoiceWakeCapability.swift */,
			);
			path = Node;
			sourceTree = "<group>";
		};
		A0835F070EE83549458C8057 /* Gateway */ = {
			isa = PBXGroup;
			children = (
				F163754416ED9D32F261A9AA /* AnyCodable.swift */,
				B0C1B9C66B7B1ED59F7AA723 /* ExecApprovalTypes.swift */,
				6528FC4E2BC9512A84842F33 /* GatewayConnection.swift */,
				360485AC7DD58CFAB4826D8D /* GatewayProtocol.swift */,
				A81B36A9D7342D1B03D78DB0 /* GatewayWebSocket.swift */,
				E64B654E8E2D21E09DD1F1DD /* NodeConnection.swift */,
			);
			path = Gateway;
			sourceTree = "<group>";
		};
		AADB208185C848847D33AECB /* Resources */ = {
			isa = PBXGroup;
			children = (
				ED86A6E968730439A99EC4DE /* Assets.xcassets */,
				CD997A26A3CF33D2B41748DF /* Info.plist */,
			);
			path = Resources;
			sourceTree = "<group>";
		};
		B3CA8D7047786F476DA13A19 /* App */ = {
			isa = PBXGroup;
			children = (
				F76F3E6D36C93D058480A6AB /* ContentView.swift */,
				56A4C0ABDD83CC6E40353506 /* OpenClawChatApp.swift */,
				EA2D4B52FED9396202EFD169 /* Theme.swift */,
			);
			path = App;
			sourceTree = "<group>";
		};
		B401187B0B22C4E8CEA9E3DD /* Models */ = {
			isa = PBXGroup;
			children = (
				DA34147109FAE01E6BDD23D6 /* AppSettings.swift */,
				AD19A8D10AE1DE2E9C66A7A1 /* Channel.swift */,
				F23F05B748DC1AFDB470ECE5 /* Message.swift */,
				2D231CAC71BC381A3B9A33AA /* OpenClawTypes.swift */,
				82F3A8E28870F1E0ADAE63BB /* OpenResponsesTypes.swift */,
				D778CE1C3FEB64F234E2D2C2 /* ToolTypes.swift */,
			);
			path = Models;
			sourceTree = "<group>";
		};
		BCC64E4076985D2439696D19 /* Chat */ = {
			isa = PBXGroup;
			children = (
				0C25B6D5ECDDEFA626D5BFC9 /* ChatView.swift */,
				94C27B5151739434F872BAFC /* ChatViewModel.swift */,
				89AE389D2BF70DF0CA637650 /* MessageBubble.swift */,
				AA809D8D00EEAC275D06DA1A /* TalkButton.swift */,
			);
			path = Chat;
			sourceTree = "<group>";
		};
		C342D6B9F4610A0DAE08631A /* Tools */ = {
			isa = PBXGroup;
			children = (
				17D77806C7CA304008E4DA3E /* AgentsView.swift */,
				E65B30697BD1D37C84AC2418 /* BrowserView.swift */,
				D8287D597A6F4FBB27CBBD40 /* JSONPrettyView.swift */,
				23714CCE316F458DAD6FD5E9 /* MemoryDetailView.swift */,
				F36AD45D57B18700C312EACC /* MemorySearchView.swift */,
				36BFFD65EF8EA09433834262 /* ModelsView.swift */,
				56943669DFCF69496BBD0394 /* SessionsView.swift */,
				692C6936BCF3C9DBC1A6C297 /* ToolsView.swift */,
				C6BE9171ECBD252B2E471971 /* ToolsViewModel.swift */,
			);
			path = Tools;
			sourceTree = "<group>";
		};
		C6EBC8D3373E512AD327A1EA /* STT */ = {
			isa = PBXGroup;
			children = (
				4CDCF1612065810A2AB4EF52 /* OpenAISTTService.swift */,
				0804D73C08D4C1007A6A7DC9 /* TranscriptionService.swift */,
				C5771F046876723F85EA7C73 /* WhisperKitService.swift */,
				BF09D88041DD2DBBA5674D45 /* WhisperModelManager.swift */,
			);
			path = STT;
			sourceTree = "<group>";
		};
		C6F322459D2EDE45AB6186D0 = {
			isa = PBXGroup;
			children = (
				28D66839155199C784409048 /* OpenClawChat */,
				38D8B8F4229B1C22EE82D6AE /* OpenClawChatTests */,
				C73AD806DE087E5D74D544A8 /* Products */,
			);
			sourceTree = "<group>";
		};
		C73AD806DE087E5D74D544A8 /* Products */ = {
			isa = PBXGroup;
			children = (
				D752469894570E9E323ED21E /* OpenClawChat.app */,
				59B277BAFBCA0140AB483742 /* OpenClawChatTests.xctest */,
			);
			name = Products;
			sourceTree = "<group>";
		};
		CCCE2E44BB98480B276106BA /* Canvas */ = {
			isa = PBXGroup;
			children = (
				56C51CA5B19304C3DAE911B8 /* CanvasView.swift */,
			);
			path = Canvas;
			sourceTree = "<group>";
		};
		DF7E020B03C2BF999860D093 /* Features */ = {
			isa = PBXGroup;
			children = (
				6CD825F084A093AAFCAC2315 /* Approvals */,
				CCCE2E44BB98480B276106BA /* Canvas */,
				E93D5770E44B640E3A0C08EA /* Channels */,
				BCC64E4076985D2439696D19 /* Chat */,
				3DE7E2D45E7324AA154098EA /* Settings */,
				39DDD1F12D82E00AC6ACEDBD /* Setup */,
				C342D6B9F4610A0DAE08631A /* Tools */,
			);
			path = Features;
			sourceTree = "<group>";
		};
		E6927075EB30BCFE23B17330 /* TTS */ = {
			isa = PBXGroup;
			children = (
				1C3AED278AAD74BD0C655B20 /* AppleTTSService.swift */,
				877A2189AEB3876EB2034D4B /* ElevenLabsTTSService.swift */,
				B1314BEFC2BD8BD9B8F9BFFD /* OpenAITTSService.swift */,
				F10A92D7D54C1006B1CF4CE0 /* SpeechService.swift */,
			);
			path = TTS;
			sourceTree = "<group>";
		};
		E93D5770E44B640E3A0C08EA /* Channels */ = {
			isa = PBXGroup;
			children = (
				320859C177FC7BE8621195D2 /* AddChannelView.swift */,
				D3AD3CC2E835D0D4B9007C39 /* ChannelListView.swift */,
				610A71579FC5143A94C94781 /* EditChannelView.swift */,
			);
			path = Channels;
			sourceTree = "<group>";
		};
		FF560D8C1B9F2DD1328E9774 /* Storage */ = {
			isa = PBXGroup;
			children = (
				C8A2A688F113745F20511100 /* ChannelStore.swift */,
				8A4A00DFCC8D4D5D3EDA52CE /* ConversationStore.swift */,
			);
			path = Storage;
			sourceTree = "<group>";
		};
/* End PBXGroup section */

/* Begin PBXNativeTarget section */
		513800197B1C646CE1CD5BDD /* OpenClawChat */ = {
			isa = PBXNativeTarget;
			buildConfigurationList = 88D0112901C1FD5FBB9651AD /* Build configuration list for PBXNativeTarget "OpenClawChat" */;
			buildPhases = (
				584AC5EFD82A24F469650CBE /* Sources */,
				5D7BB6E36C90C4CFB675133F /* Resources */,
				51AD4060C5AC64495BFA5889 /* Frameworks */,
			);
			buildRules = (
			);
			dependencies = (
			);
			name = OpenClawChat;
			packageProductDependencies = (
				295A7DC5C6EA1ED94BF375BD /* WhisperKit */,
				EA7453DD947D0E90617F8CF7 /* KeychainAccess */,
				3B252E6C27CE15D14486E75B /* MarkdownUI */,
			);
			productName = OpenClawChat;
			productReference = D752469894570E9E323ED21E /* OpenClawChat.app */;
			productType = "com.apple.product-type.application";
		};
		56B52B758F1A908E1EA19C41 /* OpenClawChatTests */ = {
			isa = PBXNativeTarget;
			buildConfigurationList = B7B7ABA533D52865E8DE00DD /* Build configuration list for PBXNativeTarget "OpenClawChatTests" */;
			buildPhases = (
				042E12BF176A20523585FADC /* Sources */,
			);
			buildRules = (
			);
			dependencies = (
				9F1DA36B877C683D003C5E2C /* PBXTargetDependency */,
			);
			name = OpenClawChatTests;
			packageProductDependencies = (
			);
			productName = OpenClawChatTests;
			productReference = 59B277BAFBCA0140AB483742 /* OpenClawChatTests.xctest */;
			productType = "com.apple.product-type.bundle.unit-test";
		};
/* End PBXNativeTarget section */

/* Begin PBXProject section */
		F54E26BAC75379C29FDFF6A6 /* Project object */ = {
			isa = PBXProject;
			attributes = {
				BuildIndependentTargetsInParallel = YES;
				LastUpgradeCheck = 1600;
				TargetAttributes = {
					513800197B1C646CE1CD5BDD = {
						DevelopmentTeam = UL35UHH8Q4;
						ProvisioningStyle = Automatic;
					};
					56B52B758F1A908E1EA19C41 = {
						DevelopmentTeam = UL35UHH8Q4;
						ProvisioningStyle = Automatic;
					};
				};
			};
			buildConfigurationList = F3C1D0205FFE7E0306546B95 /* Build configuration list for PBXProject "OpenClawChat" */;
			compatibilityVersion = "Xcode 14.0";
			developmentRegion = en;
			hasScannedForEncodings = 0;
			knownRegions = (
				Base,
				en,
			);
			mainGroup = C6F322459D2EDE45AB6186D0;
			minimizedProjectReferenceProxies = 1;
			packageReferences = (
				55AC7F62B1ADF17859976C96 /* XCRemoteSwiftPackageReference "KeychainAccess" */,
				43F9E2ACF8BF9583FB3C5E80 /* XCRemoteSwiftPackageReference "swift-markdown-ui" */,
				7E2EACBA8AB1A6FDEC7CA58B /* XCRemoteSwiftPackageReference "WhisperKit" */,
			);
			preferredProjectObjectVersion = 77;
			projectDirPath = "";
			projectRoot = "";
			targets = (
				513800197B1C646CE1CD5BDD /* OpenClawChat */,
				56B52B758F1A908E1EA19C41 /* OpenClawChatTests */,
			);
		};
/* End PBXProject section */

/* Begin PBXResourcesBuildPhase section */
		5D7BB6E36C90C4CFB675133F /* Resources */ = {
			isa = PBXResourcesBuildPhase;
			buildActionMask = 2147483647;
			files = (
				14411ED489DCD8CE6B7893A5 /* Assets.xcassets in Resources */,
			);
			runOnlyForDeploymentPostprocessing = 0;
		};
/* End PBXResourcesBuildPhase section */

/* Begin PBXSourcesBuildPhase section */
		042E12BF176A20523585FADC /* Sources */ = {
			isa = PBXSourcesBuildPhase;
			buildActionMask = 2147483647;
			files = (
				18C97045C20E5A85769EB1AA /* AppSettingsTests.swift in Sources */,
				8763DE5CB3314C6CF3AEBB76 /* MessageTests.swift in Sources */,
				5106D5D1CA3586C8193D5224 /* OnboardingTests.swift in Sources */,
				1B64D419E2A0B2432C6FF3C6 /* OpenClawClientTests.swift in Sources */,
				A5C1BC92D2B08BD9F8DE3592 /* OpenClawTypesTests.swift in Sources */,
				6C5104F9978DC8B6DD828588 /* OpenResponsesTypesTests.swift in Sources */,
				661CF19E6BB8C843FB09BF92 /* SentenceBoundaryTests.swift in Sources */,
				604CC8F22E1A002E0E97407F /* ToolTypesTests.swift in Sources */,
			);
			runOnlyForDeploymentPostprocessing = 0;
		};
		584AC5EFD82A24F469650CBE /* Sources */ = {
			isa = PBXSourcesBuildPhase;
			buildActionMask = 2147483647;
			files = (
				C1C52788A4DD187EA1CB1FDA /* AddChannelView.swift in Sources */,
				910E342160E95C21022F75AB /* AgentsView.swift in Sources */,
				0983FEA8823D44AB57399A9B /* AnyCodable.swift in Sources */,
				FE7DA791D988569F33330FCC /* AppSettings.swift in Sources */,
				79A08311B78D25662E686B40 /* AppleTTSService.swift in Sources */,
				A84F469AF228F89AA122B654 /* ApprovalBannerView.swift in Sources */,
				8A44E7B7874422CCAD414F28 /* ApprovalOverlayView.swift in Sources */,
				512B6173FBCDB3096B3DF33F /* AudioCaptureManager.swift in Sources */,
				CC99F8F2960416026B76B2DE /* AudioPlaybackManager.swift in Sources */,
				F730A44D0020D22A75F56F32 /* BrowserView.swift in Sources */,
				0139730F4FAFB5EB664BC10D /* CalendarCapability.swift in Sources */,
				F34EC7458DBB5035645C1F9A /* CameraCapability.swift in Sources */,
				42B1BEEF06FFAF5D4C8A0077 /* CanvasCapability.swift in Sources */,
				9C9BE1BE992BDBFF23B9AB80 /* CanvasView.swift in Sources */,
				281B270C2316328260565ED6 /* Channel.swift in Sources */,
				BDBB3D5B59AAB0712C5EF994 /* ChannelListView.swift in Sources */,
				217128ACB8FB6C0A3298EF79 /* ChannelStore.swift in Sources */,
				09D12A755B909BC34AD2BEE6 /* ChatView.swift in Sources */,
				5FFF757A4D678E44910B66F6 /* ChatViewModel.swift in Sources */,
				1AA34771103DC3AF8F684BEB /* ContactsCapability.swift in Sources */,
				CAFBE20440A7777427042816 /* ContentView.swift in Sources */,
				448036DAFC2377BCBD84DB63 /* ConversationStore.swift in Sources */,
				B3FFD383E883534ECA91703A /* DeviceAuthPayload.swift in Sources */,
				B2D426A7C5B3C1FEAA6552E1 /* DeviceAuthStore.swift in Sources */,
				C7C51E5D5BC59BAA8692D77E /* DeviceIdentity.swift in Sources */,
				704F62506B1EAE481B810A9E /* DeviceInfoCapability.swift in Sources */,
				9F1E804C10529DC7EB2B1058 /* EditChannelView.swift in Sources */,
				AE8BCE67167AE760E5D5B6E6 /* ElevenLabsTTSService.swift in Sources */,
				527040C232E79D4A9654AAF9 /* ExecApprovalTypes.swift in Sources */,
				BC993E33F82D4B90F64B0587 /* GatewayConnection.swift in Sources */,
				3674C56264CF0A6DB74A5CD0 /* GatewayProtocol.swift in Sources */,
				FE78254B1EA22AE110DD45CD /* GatewayWebSocket.swift in Sources */,
				5E13EF419AD7FFA21AAEFE20 /* JSONPrettyView.swift in Sources */,
				4F7B527D24BF49705E5DD6A3 /* LocationCapability.swift in Sources */,
				59F634A0DE7A749B88C80EAB /* MemoryDetailView.swift in Sources */,
				DEE53518CB98575D4DAD3D73 /* MemorySearchView.swift in Sources */,
				5C06CDB354FF121697B72420 /* Message.swift in Sources */,
				A248112760618A465685D111 /* MessageBubble.swift in Sources */,
				245AF90E5D51521858B02B3B /* ModelDownloadView.swift in Sources */,
				BA0C97A5BBEA8BE235E9E885 /* ModelsView.swift in Sources */,
				4257D201E9CD305550BBA581 /* MotionCapability.swift in Sources */,
				8B44818E00558B4E6EE439AF /* NodeConnection.swift in Sources */,
				5446328481EF1557DF0A4BD6 /* NotificationCapability.swift in Sources */,
				864213D1D2AA28833D7349BC /* OnboardingView.swift in Sources */,
				A64511573410EB18DB274194 /* OpenAISTTService.swift in Sources */,
				61C526A5958A5085EC7FFEE6 /* OpenAITTSService.swift in Sources */,
				7A3A885A502D9B7B5AE79F6D /* OpenClawChatApp.swift in Sources */,
				821EAA067F9AA661A6082E89 /* OpenClawClient.swift in Sources */,
				9E15B1424F0C89BFA633AEC1 /* OpenClawTypes.swift in Sources */,
				1F0B2575BFD2D82D139E59D9 /* OpenResponsesTypes.swift in Sources */,
				A91AD844E07E6DD67FB49049 /* PhotosCapability.swift in Sources */,
				E2F578085D5B973FE1179672 /* ScreenCapability.swift in Sources */,
				692385DE850544C858C76A20 /* SecureStorage.swift in Sources */,
				42C8880CFFC300285CBA6E2A /* SessionsView.swift in Sources */,
				89781F3F2937FA8D81C495C3 /* SettingsStore.swift in Sources */,
				C2F59D2FDF34B6570D47E139 /* SettingsView.swift in Sources */,
				6261686101C0D92B1F5E9A56 /* SpeechService.swift in Sources */,
				C750FB47A619E50088C68FD1 /* TalkButton.swift in Sources */,
				2E9CEE9EDA08143B73B5379B /* Theme.swift in Sources */,
				C4B5AFF28B2740E7949E7C28 /* ToolTypes.swift in Sources */,
				070E33403E4F0078A46BB75B /* ToolsView.swift in Sources */,
				503F9884CCC1ABD748CBD35C /* ToolsViewModel.swift in Sources */,
				EB5F807F0B83DBBC0B842CD8 /* TranscriptionService.swift in Sources */,
				936088FA56D426F8ACD92C8E /* VoiceWakeCapability.swift in Sources */,
				AA19D291951EBB199433C90F /* WhisperKitService.swift in Sources */,
				1063BE2347F75506704EC870 /* WhisperModelManager.swift in Sources */,
			);
			runOnlyForDeploymentPostprocessing = 0;
		};
/* End PBXSourcesBuildPhase section */

/* Begin PBXTargetDependency section */
		9F1DA36B877C683D003C5E2C /* PBXTargetDependency */ = {
			isa = PBXTargetDependency;
			target = 513800197B1C646CE1CD5BDD /* OpenClawChat */;
			targetProxy = 1D462E04C0A76F10E9B88876 /* PBXContainerItemProxy */;
		};
/* End PBXTargetDependency section */

/* Begin XCBuildConfiguration section */
		891C3F85B9BE914CACB34E08 /* Debug */ = {
			isa = XCBuildConfiguration;
			buildSettings = {
				ASSETCATALOG_COMPILER_APPICON_NAME = AppIcon;
				CODE_SIGN_IDENTITY = "iPhone Developer";
				CURRENT_PROJECT_VERSION = 1;
				INFOPLIST_FILE = OpenClawChat/Resources/Info.plist;
				LD_RUNPATH_SEARCH_PATHS = (
					"$(inherited)",
					"@executable_path/Frameworks",
				);
				MARKETING_VERSION = 0.1.0;
				PRODUCT_BUNDLE_IDENTIFIER = com.openclaw.clawtalk;
				SDKROOT = iphoneos;
				TARGETED_DEVICE_FAMILY = "1,2";
			};
			name = Debug;
		};
		AD849058C88190236DEBE8B7 /* Release */ = {
			isa = XCBuildConfiguration;
			buildSettings = {
				BUNDLE_LOADER = "$(TEST_HOST)";
				GENERATE_INFOPLIST_FILE = YES;
				LD_RUNPATH_SEARCH_PATHS = (
					"$(inherited)",
					"@executable_path/Frameworks",
					"@loader_path/Frameworks",
				);
				PRODUCT_BUNDLE_IDENTIFIER = com.openclaw.clawtalk.tests;
				SDKROOT = iphoneos;
				TARGETED_DEVICE_FAMILY = "1,2";
				TEST_HOST = "$(BUILT_PRODUCTS_DIR)/OpenClawChat.app/OpenClawChat";
			};
			name = Release;
		};
		AE0EAB04A47CCB62F9B30B71 /* Release */ = {
			isa = XCBuildConfiguration;
			buildSettings = {
				ASSETCATALOG_COMPILER_APPICON_NAME = AppIcon;
				CODE_SIGN_IDENTITY = "iPhone Developer";
				CURRENT_PROJECT_VERSION = 1;
				INFOPLIST_FILE = OpenClawChat/Resources/Info.plist;
				LD_RUNPATH_SEARCH_PATHS = (
					"$(inherited)",
					"@executable_path/Frameworks",
				);
				MARKETING_VERSION = 0.1.0;
				PRODUCT_BUNDLE_IDENTIFIER = com.openclaw.clawtalk;
				SDKROOT = iphoneos;
				TARGETED_DEVICE_FAMILY = "1,2";
			};
			name = Release;
		};
		B5EE3DEAC48914DE95F02AE6 /* Debug */ = {
			isa = XCBuildConfiguration;
			buildSettings = {
				BUNDLE_LOADER = "$(TEST_HOST)";
				GENERATE_INFOPLIST_FILE = YES;
				LD_RUNPATH_SEARCH_PATHS = (
					"$(inherited)",
					"@executable_path/Frameworks",
					"@loader_path/Frameworks",
				);
				PRODUCT_BUNDLE_IDENTIFIER = com.openclaw.clawtalk.tests;
				SDKROOT = iphoneos;
				TARGETED_DEVICE_FAMILY = "1,2";
				TEST_HOST = "$(BUILT_PRODUCTS_DIR)/OpenClawChat.app/OpenClawChat";
			};
			name = Debug;
		};
		CEBF020FE7DF1DA33A3D4450 /* Release */ = {
			isa = XCBuildConfiguration;
			buildSettings = {
				ALWAYS_SEARCH_USER_PATHS = NO;
				CLANG_ANALYZER_NONNULL = YES;
				CLANG_ANALYZER_NUMBER_OBJECT_CONVERSION = YES_AGGRESSIVE;
				CLANG_CXX_LANGUAGE_STANDARD = "gnu++14";
				CLANG_CXX_LIBRARY = "libc++";
				CLANG_ENABLE_MODULES = YES;
				CLANG_ENABLE_OBJC_ARC = YES;
				CLANG_ENABLE_OBJC_WEAK = YES;
				CLANG_WARN_BLOCK_CAPTURE_AUTORELEASING = YES;
				CLANG_WARN_BOOL_CONVERSION = YES;
				CLANG_WARN_COMMA = YES;
				CLANG_WARN_CONSTANT_CONVERSION = YES;
				CLANG_WARN_DEPRECATED_OBJC_IMPLEMENTATIONS = YES;
				CLANG_WARN_DIRECT_OBJC_ISA_USAGE = YES_ERROR;
				CLANG_WARN_DOCUMENTATION_COMMENTS = YES;
				CLANG_WARN_EMPTY_BODY = YES;
				CLANG_WARN_ENUM_CONVERSION = YES;
				CLANG_WARN_INFINITE_RECURSION = YES;
				CLANG_WARN_INT_CONVERSION = YES;
				CLANG_WARN_NON_LITERAL_NULL_CONVERSION = YES;
				CLANG_WARN_OBJC_IMPLICIT_RETAIN_SELF = YES;
				CLANG_WARN_OBJC_LITERAL_CONVERSION = YES;
				CLANG_WARN_OBJC_ROOT_CLASS = YES_ERROR;
				CLANG_WARN_QUOTED_INCLUDE_IN_FRAMEWORK_HEADER = YES;
				CLANG_WARN_RANGE_LOOP_ANALYSIS = YES;
				CLANG_WARN_STRICT_PROTOTYPES = YES;
				CLANG_WARN_SUSPICIOUS_MOVE = YES;
				CLANG_WARN_UNGUARDED_AVAILABILITY = YES_AGGRESSIVE;
				CLANG_WARN_UNREACHABLE_CODE = YES;
				CLANG_WARN__DUPLICATE_METHOD_MATCH = YES;
				CODE_SIGN_IDENTITY = "";
				CODE_SIGN_STYLE = Automatic;
				COPY_PHASE_STRIP = NO;
				DEBUG_INFORMATION_FORMAT = "dwarf-with-dsym";
				DEVELOPMENT_TEAM = UL35UHH8Q4;
				ENABLE_NS_ASSERTIONS = NO;
				ENABLE_PREVIEWS = YES;
				ENABLE_STRICT_OBJC_MSGSEND = YES;
				GCC_C_LANGUAGE_STANDARD = gnu11;
				GCC_NO_COMMON_BLOCKS = YES;
				GCC_WARN_64_TO_32_BIT_CONVERSION = YES;
				GCC_WARN_ABOUT_RETURN_TYPE = YES_ERROR;
				GCC_WARN_UNDECLARED_SELECTOR = YES;
				GCC_WARN_UNINITIALIZED_AUTOS = YES_AGGRESSIVE;
				GCC_WARN_UNUSED_FUNCTION = YES;
				GCC_WARN_UNUSED_VARIABLE = YES;
				IPHONEOS_DEPLOYMENT_TARGET = 17.0;
				MTL_ENABLE_DEBUG_INFO = NO;
				MTL_FAST_MATH = YES;
				PRODUCT_NAME = "$(TARGET_NAME)";
				SDKROOT = iphoneos;
				SWIFT_COMPILATION_MODE = wholemodule;
				SWIFT_OPTIMIZATION_LEVEL = "-O";
				SWIFT_VERSION = 5.10;
			};
			name = Release;
		};
		FAE3D64DA2553914B769E10A /* Debug */ = {
			isa = XCBuildConfiguration;
			buildSettings = {
				ALWAYS_SEARCH_USER_PATHS = NO;
				CLANG_ANALYZER_NONNULL = YES;
				CLANG_ANALYZER_NUMBER_OBJECT_CONVERSION = YES_AGGRESSIVE;
				CLANG_CXX_LANGUAGE_STANDARD = "gnu++14";
				CLANG_CXX_LIBRARY = "libc++";
				CLANG_ENABLE_MODULES = YES;
				CLANG_ENABLE_OBJC_ARC = YES;
				CLANG_ENABLE_OBJC_WEAK = YES;
				CLANG_WARN_BLOCK_CAPTURE_AUTORELEASING = YES;
				CLANG_WARN_BOOL_CONVERSION = YES;
				CLANG_WARN_COMMA = YES;
				CLANG_WARN_CONSTANT_CONVERSION = YES;
				CLANG_WARN_DEPRECATED_OBJC_IMPLEMENTATIONS = YES;
				CLANG_WARN_DIRECT_OBJC_ISA_USAGE = YES_ERROR;
				CLANG_WARN_DOCUMENTATION_COMMENTS = YES;
				CLANG_WARN_EMPTY_BODY = YES;
				CLANG_WARN_ENUM_CONVERSION = YES;
				CLANG_WARN_INFINITE_RECURSION = YES;
				CLANG_WARN_INT_CONVERSION = YES;
				CLANG_WARN_NON_LITERAL_NULL_CONVERSION = YES;
				CLANG_WARN_OBJC_IMPLICIT_RETAIN_SELF = YES;
				CLANG_WARN_OBJC_LITERAL_CONVERSION = YES;
				CLANG_WARN_OBJC_ROOT_CLASS = YES_ERROR;
				CLANG_WARN_QUOTED_INCLUDE_IN_FRAMEWORK_HEADER = YES;
				CLANG_WARN_RANGE_LOOP_ANALYSIS = YES;
				CLANG_WARN_STRICT_PROTOTYPES = YES;
				CLANG_WARN_SUSPICIOUS_MOVE = YES;
				CLANG_WARN_UNGUARDED_AVAILABILITY = YES_AGGRESSIVE;
				CLANG_WARN_UNREACHABLE_CODE = YES;
				CLANG_WARN__DUPLICATE_METHOD_MATCH = YES;
				CODE_SIGN_IDENTITY = "";
				CODE_SIGN_STYLE = Automatic;
				COPY_PHASE_STRIP = NO;
				DEBUG_INFORMATION_FORMAT = dwarf;
				DEVELOPMENT_TEAM = UL35UHH8Q4;
				ENABLE_PREVIEWS = YES;
				ENABLE_STRICT_OBJC_MSGSEND = YES;
				ENABLE_TESTABILITY = YES;
				GCC_C_LANGUAGE_STANDARD = gnu11;
				GCC_DYNAMIC_NO_PIC = NO;
				GCC_NO_COMMON_BLOCKS = YES;
				GCC_OPTIMIZATION_LEVEL = 0;
				GCC_PREPROCESSOR_DEFINITIONS = (
					"$(inherited)",
					"DEBUG=1",
				);
				GCC_WARN_64_TO_32_BIT_CONVERSION = YES;
				GCC_WARN_ABOUT_RETURN_TYPE = YES_ERROR;
				GCC_WARN_UNDECLARED_SELECTOR = YES;
				GCC_WARN_UNINITIALIZED_AUTOS = YES_AGGRESSIVE;
				GCC_WARN_UNUSED_FUNCTION = YES;
				GCC_WARN_UNUSED_VARIABLE = YES;
				IPHONEOS_DEPLOYMENT_TARGET = 17.0;
				MTL_ENABLE_DEBUG_INFO = INCLUDE_SOURCE;
				MTL_FAST_MATH = YES;
				ONLY_ACTIVE_ARCH = YES;
				PRODUCT_NAME = "$(TARGET_NAME)";
				SDKROOT = iphoneos;
				SWIFT_ACTIVE_COMPILATION_CONDITIONS = DEBUG;
				SWIFT_OPTIMIZATION_LEVEL = "-Onone";
				SWIFT_VERSION = 5.10;
			};
			name = Debug;
		};
/* End XCBuildConfiguration section */

/* Begin XCConfigurationList section */
		88D0112901C1FD5FBB9651AD /* Build configuration list for PBXNativeTarget "OpenClawChat" */ = {
			isa = XCConfigurationList;
			buildConfigurations = (
				891C3F85B9BE914CACB34E08 /* Debug */,
				AE0EAB04A47CCB62F9B30B71 /* Release */,
			);
			defaultConfigurationIsVisible = 0;
			defaultConfigurationName = Debug;
		};
		B7B7ABA533D52865E8DE00DD /* Build configuration list for PBXNativeTarget "OpenClawChatTests" */ = {
			isa = XCConfigurationList;
			buildConfigurations = (
				B5EE3DEAC48914DE95F02AE6 /* Debug */,
				AD849058C88190236DEBE8B7 /* Release */,
			);
			defaultConfigurationIsVisible = 0;
			defaultConfigurationName = Debug;
		};
		F3C1D0205FFE7E0306546B95 /* Build configuration list for PBXProject "OpenClawChat" */ = {
			isa = XCConfigurationList;
			buildConfigurations = (
				FAE3D64DA2553914B769E10A /* Debug */,
				CEBF020FE7DF1DA33A3D4450 /* Release */,
			);
			defaultConfigurationIsVisible = 0;
			defaultConfigurationName = Debug;
		};
/* End XCConfigurationList section */

/* Begin XCRemoteSwiftPackageReference section */
		43F9E2ACF8BF9583FB3C5E80 /* XCRemoteSwiftPackageReference "swift-markdown-ui" */ = {
			isa = XCRemoteSwiftPackageReference;
			repositoryURL = "https://github.com/gonzalezreal/swift-markdown-ui.git";
			requirement = {
				kind = upToNextMajorVersion;
				minimumVersion = 2.4.0;
			};
		};
		55AC7F62B1ADF17859976C96 /* XCRemoteSwiftPackageReference "KeychainAccess" */ = {
			isa = XCRemoteSwiftPackageReference;
			repositoryURL = "https://github.com/kishikawakatsumi/KeychainAccess.git";
			requirement = {
				kind = upToNextMajorVersion;
				minimumVersion = 4.2.2;
			};
		};
		7E2EACBA8AB1A6FDEC7CA58B /* XCRemoteSwiftPackageReference "WhisperKit" */ = {
			isa = XCRemoteSwiftPackageReference;
			repositoryURL = "https://github.com/argmaxinc/WhisperKit.git";
			requirement = {
				kind = upToNextMajorVersion;
				minimumVersion = 0.9.0;
			};
		};
/* End XCRemoteSwiftPackageReference section */

/* Begin XCSwiftPackageProductDependency section */
		295A7DC5C6EA1ED94BF375BD /* WhisperKit */ = {
			isa = XCSwiftPackageProductDependency;
			package = 7E2EACBA8AB1A6FDEC7CA58B /* XCRemoteSwiftPackageReference "WhisperKit" */;
			productName = WhisperKit;
		};
		3B252E6C27CE15D14486E75B /* MarkdownUI */ = {
			isa = XCSwiftPackageProductDependency;
			package = 43F9E2ACF8BF9583FB3C5E80 /* XCRemoteSwiftPackageReference "swift-markdown-ui" */;
			productName = MarkdownUI;
		};
		EA7453DD947D0E90617F8CF7 /* KeychainAccess */ = {
			isa = XCSwiftPackageProductDependency;
			package = 55AC7F62B1ADF17859976C96 /* XCRemoteSwiftPackageReference "KeychainAccess" */;
			productName = KeychainAccess;
		};
/* End XCSwiftPackageProductDependency section */
	};
	rootObject = F54E26BAC75379C29FDFF6A6 /* Project object */;
}
